
Microsoft Visual Studio Solution File, Format Version 12.00
Project("{FAE04EC0-301F-11D3-BF4B-00C04F79EFBC}") = "SubScreenDisplay", "SubScreenDisplay\SubScreenDisplay.csproj", "{0CF8F6FE-387A-499D-B4D8-3503E0B8CC41}"
EndProject
Global
	GlobalSection(SolutionConfigurationPlatforms) = preSolution
		Debug|Any CPU = Debug|Any CPU
		Release|Any CPU = Release|Any CPU
	EndGlobalSection
	GlobalSection(ProjectConfigurationPlatforms) = postSolution
		{0CF8F6FE-387A-499D-B4D8-3503E0B8CC41}.Debug|Any CPU.ActiveCfg = Debug|Any CPU
		{0CF8F6FE-387A-499D-B4D8-3503E0B8CC41}.Debug|Any CPU.Build.0 = Debug|Any CPU
		{0CF8F6FE-387A-499D-B4D8-3503E0B8CC41}.Release|Any CPU.ActiveCfg = Release|Any CPU
		{0CF8F6FE-387A-499D-B4D8-3503E0B8CC41}.Release|Any CPU.Build.0 = Release|Any CPU
	EndGlobalSection
EndGlobal
